<?xml version="1.0" encoding="utf-8"?>
<Project ToolsVersion="4.0" xmlns="http://schemas.microsoft.com/developer/msbuild/2003">
  <ItemGroup>
    <Filter Include="Source Files">
      <UniqueIdentifier>{4FC737F1-C7A5-4376-A066-2A32D752A2FF}</UniqueIdentifier>
      <Extensions>cpp;c;cc;cxx;def;odl;idl;hpj;bat;asm;asmx</Extensions>
    </Filter>
    <Filter Include="Header Files">
      <UniqueIdentifier>{93995380-89BD-4b04-88EB-625FBE52EBFB}</UniqueIdentifier>
      <Extensions>h;hh;hpp;hxx;hm;inl;inc;xsd</Extensions>
    </Filter>
    <Filter Include="Resource Files">
      <UniqueIdentifier>{67DA6AB6-F800-4c08-8B7A-83BB121AAD01}</UniqueIdentifier>
      <Extensions>rc;ico;cur;bmp;dlg;rc2;rct;bin;rgs;gif;jpg;jpeg;jpe;resx;tiff;tif;png;wav;mfcribbon-ms</Extensions>
    </Filter>
  </ItemGroup>
  <ItemGroup>
    <ClCompile Include="src\main.cpp">
      <Filter>Source Files</Filter>
    </ClCompile>
    <ClCompile Include="src\App.cpp">
      <Filter>Source Files</Filter>
    </ClCompile>
    <ClCompile Include="src\State.cpp">
      <Filter>Source Files</Filter>
    </ClCompile>
    <ClCompile Include="src\StateStack.cpp">
      <Filter>Source Files</Filter>
    </ClCompile>
    <ClCompile Include="src\MenuState.cpp">
      <Filter>Source Files</Filter>
    </ClCompile>
    <ClCompile Include="src\GameState.cpp">
      <Filter>Source Files</Filter>
    </ClCompile>
    <ClCompile Include="src\PauseState.cpp">
      <Filter>Source Files</Filter>
    </ClCompile>
    <ClCompile Include="src\FontResource.cpp">
      <Filter>Source Files</Filter>
    </ClCompile>
    <ClCompile Include="src\FileSystem.cpp">
      <Filter>Source Files</Filter>
    </ClCompile>
    <ClCompile Include="src\MessageBus.cpp">
      <Filter>Source Files</Filter>
    </ClCompile>
    <ClCompile Include="src\Component.cpp">
      <Filter>Source Files</Filter>
    </ClCompile>
    <ClCompile Include="src\Entity.cpp">
      <Filter>Source Files</Filter>
    </ClCompile>
    <ClCompile Include="src\CircleDrawable.cpp">
      <Filter>Source Files</Filter>
    </ClCompile>
    <ClCompile Include="src\PhysicsComponent.cpp">
      <Filter>Source Files</Filter>
    </ClCompile>
    <ClCompile Include="src\Scene.cpp">
      <Filter>Source Files</Filter>
    </ClCompile>
    <ClCompile Include="src\PhysicsWorld.cpp">
      <Filter>Source Files</Filter>
    </ClCompile>
    <ClCompile Include="src\EchoDrawable.cpp">
      <Filter>Source Files</Filter>
    </ClCompile>
    <ClCompile Include="src\SoundPlayer.cpp">
      <Filter>Source Files</Filter>
    </ClCompile>
    <ClCompile Include="src\Music.cpp">
      <Filter>Source Files</Filter>
    </ClCompile>
    <ClCompile Include="src\GradientDrawable.cpp">
      <Filter>Source Files</Filter>
    </ClCompile>
    <ClCompile Include="src\ParticleFactory.cpp">
      <Filter>Source Files</Filter>
    </ClCompile>
    <ClCompile Include="src\Affectors.cpp">
      <Filter>Source Files</Filter>
    </ClCompile>
    <ClCompile Include="src\AudioManager.cpp">
      <Filter>Source Files</Filter>
    </ClCompile>
    <ClCompile Include="src\PostProcess.cpp">
      <Filter>Source Files</Filter>
    </ClCompile>
    <ClCompile Include="src\ShaderResource.cpp">
      <Filter>Source Files</Filter>
    </ClCompile>
    <ClCompile Include="src\PostBloom.cpp">
      <Filter>Source Files</Filter>
    </ClCompile>
    <ClCompile Include="src\ParticleSystem.cpp">
      <Filter>Source Files</Filter>
    </ClCompile>
    <ClCompile Include="src\ParticleField.cpp">
      <Filter>Source Files</Filter>
    </ClCompile>
    <ClCompile Include="src\FadeDrawable.cpp">
      <Filter>Source Files</Filter>
    </ClCompile>
    <ClCompile Include="src\CausticDrawable.cpp">
      <Filter>Source Files</Filter>
    </ClCompile>
    <ClCompile Include="src\LightPosition.cpp">
      <Filter>Source Files</Filter>
    </ClCompile>
    <ClCompile Include="src\PostChromeAb.cpp">
      <Filter>Source Files</Filter>
    </ClCompile>
    <ClCompile Include="src\UIContainer.cpp">
      <Filter>Source Files</Filter>
    </ClCompile>
    <ClCompile Include="src\UIControl.cpp">
      <Filter>Source Files</Filter>
    </ClCompile>
    <ClCompile Include="src\UICheckBox.cpp">
      <Filter>Source Files</Filter>
    </ClCompile>
    <ClCompile Include="src\UIComboBox.cpp">
      <Filter>Source Files</Filter>
    </ClCompile>
    <ClCompile Include="src\UISlider.cpp">
      <Filter>Source Files</Filter>
    </ClCompile>
    <ClCompile Include="src\UIButton.cpp">
      <Filter>Source Files</Filter>
    </ClCompile>
    <ClCompile Include="src\UISelection.cpp">
      <Filter>Source Files</Filter>
    </ClCompile>
    <ClCompile Include="src\InputComponent.cpp">
      <Filter>Source Files</Filter>
    </ClCompile>
  </ItemGroup>
  <ItemGroup>
    <ClInclude Include="include\App.hpp">
      <Filter>Header Files</Filter>
    </ClInclude>
    <ClInclude Include="include\StateIds.hpp">
      <Filter>Header Files</Filter>
    </ClInclude>
    <ClInclude Include="include\State.hpp">
      <Filter>Header Files</Filter>
    </ClInclude>
    <ClInclude Include="include\StateStack.hpp">
      <Filter>Header Files</Filter>
    </ClInclude>
    <ClInclude Include="include\MenuState.hpp">
      <Filter>Header Files</Filter>
    </ClInclude>
    <ClInclude Include="include\GameState.hpp">
      <Filter>Header Files</Filter>
    </ClInclude>
    <ClInclude Include="include\PauseState.hpp">
      <Filter>Header Files</Filter>
    </ClInclude>
    <ClInclude Include="include\Resource.hpp">
      <Filter>Header Files</Filter>
    </ClInclude>
    <ClInclude Include="include\FileSystem.hpp">
      <Filter>Header Files</Filter>
    </ClInclude>
    <ClInclude Include="include\Log.hpp">
      <Filter>Header Files</Filter>
    </ClInclude>
    <ClInclude Include="include\MessageBus.hpp">
      <Filter>Header Files</Filter>
    </ClInclude>
    <ClInclude Include="include\Entity.hpp">
      <Filter>Header Files</Filter>
    </ClInclude>
    <ClInclude Include="include\Component.hpp">
      <Filter>Header Files</Filter>
    </ClInclude>
    <ClInclude Include="include\CircleDrawable.hpp">
      <Filter>Header Files</Filter>
    </ClInclude>
    <ClInclude Include="include\PhysicsComponent.hpp">
      <Filter>Header Files</Filter>
    </ClInclude>
    <ClInclude Include="include\Util.hpp">
      <Filter>Header Files</Filter>
    </ClInclude>
    <ClInclude Include="include\Scene.hpp">
      <Filter>Header Files</Filter>
    </ClInclude>
    <ClInclude Include="include\PhysicsWorld.hpp">
      <Filter>Header Files</Filter>
    </ClInclude>
    <ClInclude Include="include\EchoDrawable.hpp">
      <Filter>Header Files</Filter>
    </ClInclude>
    <ClInclude Include="include\SoundPlayer.hpp">
      <Filter>Header Files</Filter>
    </ClInclude>
    <ClInclude Include="include\Music.hpp">
      <Filter>Header Files</Filter>
    </ClInclude>
    <ClInclude Include="include\GradientDrawable.hpp">
      <Filter>Header Files</Filter>
    </ClInclude>
    <ClInclude Include="include\Affectors.hpp">
      <Filter>Header Files</Filter>
    </ClInclude>
    <ClInclude Include="include\AudioManager.hpp">
      <Filter>Header Files</Filter>
    </ClInclude>
    <ClInclude Include="include\PostProcess.hpp">
      <Filter>Header Files</Filter>
    </ClInclude>
    <ClInclude Include="include\PostBloom.hpp">
      <Filter>Header Files</Filter>
    </ClInclude>
    <ClInclude Include="include\ShaderResource.hpp">
      <Filter>Header Files</Filter>
    </ClInclude>
    <ClInclude Include="include\Shaders.hpp">
      <Filter>Header Files</Filter>
    </ClInclude>
    <ClInclude Include="include\ParticleSystem.hpp">
      <Filter>Header Files</Filter>
    </ClInclude>
    <ClInclude Include="include\Particle.hpp">
      <Filter>Header Files</Filter>
    </ClInclude>
    <ClInclude Include="include\ParticleField.hpp">
      <Filter>Header Files</Filter>
    </ClInclude>
    <ClInclude Include="include\FadeDrawable.hpp">
      <Filter>Header Files</Filter>
    </ClInclude>
    <ClInclude Include="include\CausticDrawable.hpp">
      <Filter>Header Files</Filter>
    </ClInclude>
    <ClInclude Include="include\LightPosition.hpp">
      <Filter>Header Files</Filter>
    </ClInclude>
    <ClInclude Include="include\PostChromeAb.hpp">
      <Filter>Header Files</Filter>
    </ClInclude>
    <ClInclude Include="include\UIContainer.hpp">
      <Filter>Header Files</Filter>
    </ClInclude>
    <ClInclude Include="include\UIControl.hpp">
      <Filter>Header Files</Filter>
    </ClInclude>
    <ClInclude Include="include\UICheckBox.hpp">
      <Filter>Header Files</Filter>
    </ClInclude>
    <ClInclude Include="include\UIComboBox.hpp">
      <Filter>Header Files</Filter>
    </ClInclude>
    <ClInclude Include="include\UISlider.hpp">
      <Filter>Header Files</Filter>
    </ClInclude>
    <ClInclude Include="include\UIButton.hpp">
      <Filter>Header Files</Filter>
    </ClInclude>
    <ClInclude Include="include\UISelection.hpp">
      <Filter>Header Files</Filter>
    </ClInclude>
    <ClInclude Include="include\InputComponent.hpp">
      <Filter>Header Files</Filter>
    </ClInclude>
  </ItemGroup>
</Project>