<?xml version="1.0" encoding="utf-8"?>
<Project ToolsVersion="4.0" xmlns="http://schemas.microsoft.com/developer/msbuild/2003">
  <ItemGroup>
    <Filter Include="Source Files">
      <UniqueIdentifier>{4FC737F1-C7A5-4376-A066-2A32D752A2FF}</UniqueIdentifier>
      <Extensions>cpp;c;cc;cxx;def;odl;idl;hpj;bat;asm;asmx</Extensions>
    </Filter>
    <Filter Include="Header Files">
      <UniqueIdentifier>{93995380-89BD-4b04-88EB-625FBE52EBFB}</UniqueIdentifier>
      <Extensions>h;hh;hpp;hxx;hm;inl;inc;xsd</Extensions>
    </Filter>
    <Filter Include="Resource Files">
      <UniqueIdentifier>{67DA6AB6-F800-4c08-8B7A-83BB121AAD01}</UniqueIdentifier>
      <Extensions>rc;ico;cur;bmp;dlg;rc2;rct;bin;rgs;gif;jpg;jpeg;jpe;resx;tiff;tif;png;wav;mfcribbon-ms</Extensions>
    </Filter>
    <Filter Include="Header Files\components">
      <UniqueIdentifier>{f5ae3c5b-22d5-4d1a-bc8e-5e5d09b9c3d4}</UniqueIdentifier>
    </Filter>
    <Filter Include="Header Files\ui">
      <UniqueIdentifier>{cc171731-6274-46c1-b4ee-1324156ba167}</UniqueIdentifier>
    </Filter>
    <Filter Include="Header Files\states">
      <UniqueIdentifier>{93689c93-d248-4bec-a140-f826afa00589}</UniqueIdentifier>
    </Filter>
    <Filter Include="Header Files\post process">
      <UniqueIdentifier>{b12513f0-154d-4d28-9016-e3293ec70ed3}</UniqueIdentifier>
    </Filter>
    <Filter Include="Header Files\system">
      <UniqueIdentifier>{a8c34a12-5c93-4f51-81d4-7afb5b0059f4}</UniqueIdentifier>
    </Filter>
    <Filter Include="Header Files\particles">
      <UniqueIdentifier>{81c5bb04-4dba-4a53-9f4d-48e422c34192}</UniqueIdentifier>
    </Filter>
    <Filter Include="Header Files\game">
      <UniqueIdentifier>{4ad5739b-1789-444b-ac49-ec13e6ff0be0}</UniqueIdentifier>
    </Filter>
    <Filter Include="Source Files\components">
      <UniqueIdentifier>{0749bd7e-4091-4a3a-9eed-1ca40d243628}</UniqueIdentifier>
    </Filter>
    <Filter Include="Source Files\game">
      <UniqueIdentifier>{6bbbb58a-50f9-42c1-b34a-cf7b8c6ecfd1}</UniqueIdentifier>
    </Filter>
    <Filter Include="Source Files\particles">
      <UniqueIdentifier>{23a0b587-5d5d-4442-94b3-340215847baf}</UniqueIdentifier>
    </Filter>
    <Filter Include="Source Files\system">
      <UniqueIdentifier>{049a0bc6-9896-4c48-96b6-8a6981217699}</UniqueIdentifier>
    </Filter>
    <Filter Include="Source Files\post process">
      <UniqueIdentifier>{f3388ef9-de45-46dd-8b31-11407d86fc7d}</UniqueIdentifier>
    </Filter>
    <Filter Include="Source Files\states">
      <UniqueIdentifier>{6139eaa3-e010-4bc0-ac6f-969dc548f078}</UniqueIdentifier>
    </Filter>
    <Filter Include="Source Files\ui">
      <UniqueIdentifier>{ca3b816f-772f-4ec2-b123-3b5670cb0cb1}</UniqueIdentifier>
    </Filter>
  </ItemGroup>
  <ItemGroup>
    <ClCompile Include="src\BodypartController.cpp">
      <Filter>Source Files\components</Filter>
    </ClCompile>
    <ClCompile Include="src\CausticDrawable.cpp">
      <Filter>Source Files\components</Filter>
    </ClCompile>
    <ClCompile Include="src\CircleDrawable.cpp">
      <Filter>Source Files\components</Filter>
    </ClCompile>
    <ClCompile Include="src\Component.cpp">
      <Filter>Source Files\components</Filter>
    </ClCompile>
    <ClCompile Include="src\EchoDrawable.cpp">
      <Filter>Source Files\components</Filter>
    </ClCompile>
    <ClCompile Include="src\FadeDrawable.cpp">
      <Filter>Source Files\components</Filter>
    </ClCompile>
    <ClCompile Include="src\GradientDrawable.cpp">
      <Filter>Source Files\components</Filter>
    </ClCompile>
    <ClCompile Include="src\InputComponent.cpp">
      <Filter>Source Files\components</Filter>
    </ClCompile>
    <ClCompile Include="src\LightPosition.cpp">
      <Filter>Source Files\components</Filter>
    </ClCompile>
    <ClCompile Include="src\PhysicsComponent.cpp">
      <Filter>Source Files\components</Filter>
    </ClCompile>
    <ClCompile Include="src\PhysicsConstraint.cpp">
      <Filter>Source Files\components</Filter>
    </ClCompile>
    <ClCompile Include="src\Scene.cpp">
      <Filter>Source Files\game</Filter>
    </ClCompile>
    <ClCompile Include="src\PhysicsWorld.cpp">
      <Filter>Source Files\game</Filter>
    </ClCompile>
    <ClCompile Include="src\Entity.cpp">
      <Filter>Source Files\game</Filter>
    </ClCompile>
    <ClCompile Include="src\Affectors.cpp">
      <Filter>Source Files\particles</Filter>
    </ClCompile>
    <ClCompile Include="src\ParticleFactory.cpp">
      <Filter>Source Files\particles</Filter>
    </ClCompile>
    <ClCompile Include="src\ParticleSystem.cpp">
      <Filter>Source Files\particles</Filter>
    </ClCompile>
    <ClCompile Include="src\ParticleField.cpp">
      <Filter>Source Files\components</Filter>
    </ClCompile>
    <ClCompile Include="src\App.cpp">
      <Filter>Source Files\system</Filter>
    </ClCompile>
    <ClCompile Include="src\FileSystem.cpp">
      <Filter>Source Files\system</Filter>
    </ClCompile>
    <ClCompile Include="src\FontResource.cpp">
      <Filter>Source Files\system</Filter>
    </ClCompile>
    <ClCompile Include="src\main.cpp">
      <Filter>Source Files\system</Filter>
    </ClCompile>
    <ClCompile Include="src\MessageBus.cpp">
      <Filter>Source Files\system</Filter>
    </ClCompile>
    <ClCompile Include="src\Music.cpp">
      <Filter>Source Files\system</Filter>
    </ClCompile>
    <ClCompile Include="src\ShaderResource.cpp">
      <Filter>Source Files\system</Filter>
    </ClCompile>
    <ClCompile Include="src\SoundPlayer.cpp">
      <Filter>Source Files\system</Filter>
    </ClCompile>
    <ClCompile Include="src\AudioManager.cpp">
      <Filter>Source Files\game</Filter>
    </ClCompile>
    <ClCompile Include="src\PostProcess.cpp">
      <Filter>Source Files\post process</Filter>
    </ClCompile>
    <ClCompile Include="src\PostChromeAb.cpp">
      <Filter>Source Files\post process</Filter>
    </ClCompile>
    <ClCompile Include="src\PostBloom.cpp">
      <Filter>Source Files\post process</Filter>
    </ClCompile>
    <ClCompile Include="src\GameState.cpp">
      <Filter>Source Files\states</Filter>
    </ClCompile>
    <ClCompile Include="src\MenuState.cpp">
      <Filter>Source Files\states</Filter>
    </ClCompile>
    <ClCompile Include="src\State.cpp">
      <Filter>Source Files\states</Filter>
    </ClCompile>
    <ClCompile Include="src\StateStack.cpp">
      <Filter>Source Files\states</Filter>
    </ClCompile>
    <ClCompile Include="src\UISlider.cpp">
      <Filter>Source Files\ui</Filter>
    </ClCompile>
    <ClCompile Include="src\UIButton.cpp">
      <Filter>Source Files\ui</Filter>
    </ClCompile>
    <ClCompile Include="src\UICheckBox.cpp">
      <Filter>Source Files\ui</Filter>
    </ClCompile>
    <ClCompile Include="src\UIComboBox.cpp">
      <Filter>Source Files\ui</Filter>
    </ClCompile>
    <ClCompile Include="src\UIContainer.cpp">
      <Filter>Source Files\ui</Filter>
    </ClCompile>
    <ClCompile Include="src\UIControl.cpp">
      <Filter>Source Files\ui</Filter>
    </ClCompile>
    <ClCompile Include="src\UISelection.cpp">
      <Filter>Source Files\ui</Filter>
    </ClCompile>
    <ClCompile Include="src\AnimatedDrawable.cpp">
      <Filter>Source Files\components</Filter>
    </ClCompile>
    <ClCompile Include="src\GameController.cpp">
      <Filter>Source Files\game</Filter>
    </ClCompile>
    <ClCompile Include="src\OrbController.cpp">
      <Filter>Source Files\components</Filter>
    </ClCompile>
    <ClCompile Include="src\ScoreState.cpp">
      <Filter>Source Files\states</Filter>
    </ClCompile>
    <ClCompile Include="src\PlanktonController.cpp">
      <Filter>Source Files\components</Filter>
    </ClCompile>
    <ClCompile Include="src\HelpState.cpp">
      <Filter>Source Files\states</Filter>
    </ClCompile>
    <ClCompile Include="src\Score.cpp">
      <Filter>Source Files\game</Filter>
    </ClCompile>
    <ClCompile Include="src\UIScoreList.cpp">
      <Filter>Source Files\ui</Filter>
    </ClCompile>
    <ClCompile Include="src\TitleState.cpp">
      <Filter>Source Files\states</Filter>
    </ClCompile>
    <ClCompile Include="src\TailDrawable.cpp">
      <Filter>Source Files\components</Filter>
    </ClCompile>
    <ClCompile Include="src\TailDrawablePhysics.cpp">
      <Filter>Source Files\components</Filter>
    </ClCompile>
    <ClCompile Include="src\TextDrawable.cpp">
      <Filter>Source Files\components</Filter>
    </ClCompile>
    <ClCompile Include="src\UITextBox.cpp">
      <Filter>Source Files\ui</Filter>
    </ClCompile>
    <ClCompile Include="src\Ticker.cpp">
      <Filter>Source Files\ui</Filter>
    </ClCompile>
  </ItemGroup>
  <ItemGroup>
    <ClInclude Include="include\BodypartController.hpp">
      <Filter>Header Files\components</Filter>
    </ClInclude>
    <ClInclude Include="include\CausticDrawable.hpp">
      <Filter>Header Files\components</Filter>
    </ClInclude>
    <ClInclude Include="include\CircleDrawable.hpp">
      <Filter>Header Files\components</Filter>
    </ClInclude>
    <ClInclude Include="include\Component.hpp">
      <Filter>Header Files\components</Filter>
    </ClInclude>
    <ClInclude Include="include\EchoDrawable.hpp">
      <Filter>Header Files\components</Filter>
    </ClInclude>
    <ClInclude Include="include\FadeDrawable.hpp">
      <Filter>Header Files\components</Filter>
    </ClInclude>
    <ClInclude Include="include\GradientDrawable.hpp">
      <Filter>Header Files\components</Filter>
    </ClInclude>
    <ClInclude Include="include\InputComponent.hpp">
      <Filter>Header Files\components</Filter>
    </ClInclude>
    <ClInclude Include="include\LightPosition.hpp">
      <Filter>Header Files\components</Filter>
    </ClInclude>
    <ClInclude Include="include\ParticleField.hpp">
      <Filter>Header Files\components</Filter>
    </ClInclude>
    <ClInclude Include="include\PhysicsComponent.hpp">
      <Filter>Header Files\components</Filter>
    </ClInclude>
    <ClInclude Include="include\UIButton.hpp">
      <Filter>Header Files\ui</Filter>
    </ClInclude>
    <ClInclude Include="include\UICheckBox.hpp">
      <Filter>Header Files\ui</Filter>
    </ClInclude>
    <ClInclude Include="include\UIComboBox.hpp">
      <Filter>Header Files\ui</Filter>
    </ClInclude>
    <ClInclude Include="include\UIContainer.hpp">
      <Filter>Header Files\ui</Filter>
    </ClInclude>
    <ClInclude Include="include\UIControl.hpp">
      <Filter>Header Files\ui</Filter>
    </ClInclude>
    <ClInclude Include="include\UISelection.hpp">
      <Filter>Header Files\ui</Filter>
    </ClInclude>
    <ClInclude Include="include\UISlider.hpp">
      <Filter>Header Files\ui</Filter>
    </ClInclude>
    <ClInclude Include="include\StateStack.hpp">
      <Filter>Header Files\states</Filter>
    </ClInclude>
    <ClInclude Include="include\StateIds.hpp">
      <Filter>Header Files\states</Filter>
    </ClInclude>
    <ClInclude Include="include\State.hpp">
      <Filter>Header Files\states</Filter>
    </ClInclude>
    <ClInclude Include="include\MenuState.hpp">
      <Filter>Header Files\states</Filter>
    </ClInclude>
    <ClInclude Include="include\GameState.hpp">
      <Filter>Header Files\states</Filter>
    </ClInclude>
    <ClInclude Include="include\PostProcess.hpp">
      <Filter>Header Files\post process</Filter>
    </ClInclude>
    <ClInclude Include="include\PostBloom.hpp">
      <Filter>Header Files\post process</Filter>
    </ClInclude>
    <ClInclude Include="include\PostChromeAb.hpp">
      <Filter>Header Files\post process</Filter>
    </ClInclude>
    <ClInclude Include="include\App.hpp">
      <Filter>Header Files\system</Filter>
    </ClInclude>
    <ClInclude Include="include\FileSystem.hpp">
      <Filter>Header Files\system</Filter>
    </ClInclude>
    <ClInclude Include="include\Log.hpp">
      <Filter>Header Files\system</Filter>
    </ClInclude>
    <ClInclude Include="include\MessageBus.hpp">
      <Filter>Header Files\system</Filter>
    </ClInclude>
    <ClInclude Include="include\Music.hpp">
      <Filter>Header Files\system</Filter>
    </ClInclude>
    <ClInclude Include="include\Resource.hpp">
      <Filter>Header Files\system</Filter>
    </ClInclude>
    <ClInclude Include="include\ShaderResource.hpp">
      <Filter>Header Files\system</Filter>
    </ClInclude>
    <ClInclude Include="include\Shaders.hpp">
      <Filter>Header Files\system</Filter>
    </ClInclude>
    <ClInclude Include="include\SoundPlayer.hpp">
      <Filter>Header Files\system</Filter>
    </ClInclude>
    <ClInclude Include="include\Util.hpp">
      <Filter>Header Files\system</Filter>
    </ClInclude>
    <ClInclude Include="include\ParticleSystem.hpp">
      <Filter>Header Files\particles</Filter>
    </ClInclude>
    <ClInclude Include="include\Particle.hpp">
      <Filter>Header Files\particles</Filter>
    </ClInclude>
    <ClInclude Include="include\Affectors.hpp">
      <Filter>Header Files\particles</Filter>
    </ClInclude>
    <ClInclude Include="include\Scene.hpp">
      <Filter>Header Files\game</Filter>
    </ClInclude>
    <ClInclude Include="include\PhysicsWorld.hpp">
      <Filter>Header Files\game</Filter>
    </ClInclude>
    <ClInclude Include="include\Entity.hpp">
      <Filter>Header Files\game</Filter>
    </ClInclude>
    <ClInclude Include="include\AudioManager.hpp">
      <Filter>Header Files\game</Filter>
    </ClInclude>
    <ClInclude Include="include\AnimatedDrawable.hpp">
      <Filter>Header Files\components</Filter>
    </ClInclude>
    <ClInclude Include="include\JsonUtil.hpp">
      <Filter>Header Files\system</Filter>
    </ClInclude>
    <ClInclude Include="include\GameController.hpp">
      <Filter>Header Files\game</Filter>
    </ClInclude>
    <ClInclude Include="include\OrbController.hpp">
      <Filter>Header Files\components</Filter>
    </ClInclude>
    <ClInclude Include="include\ScoreState.hpp">
      <Filter>Header Files\states</Filter>
    </ClInclude>
    <ClInclude Include="include\PlanktonController.hpp">
      <Filter>Header Files\components</Filter>
    </ClInclude>
    <ClInclude Include="include\HelpState.hpp">
      <Filter>Header Files\states</Filter>
    </ClInclude>
    <ClInclude Include="include\Score.hpp">
      <Filter>Header Files\game</Filter>
    </ClInclude>
    <ClInclude Include="include\UIScoreList.hpp">
      <Filter>Header Files\ui</Filter>
    </ClInclude>
    <ClInclude Include="include\TitleState.hpp">
      <Filter>Header Files\states</Filter>
    </ClInclude>
    <ClInclude Include="include\TailDrawable.hpp">
      <Filter>Header Files\components</Filter>
    </ClInclude>
    <ClInclude Include="resource.h">
      <Filter>Header Files</Filter>
    </ClInclude>
    <ClInclude Include="include\Icon.hpp">
      <Filter>Header Files\system</Filter>
    </ClInclude>
    <ClInclude Include="include\TextDrawable.hpp">
      <Filter>Header Files\components</Filter>
    </ClInclude>
    <ClInclude Include="include\UITextBox.hpp">
      <Filter>Header Files\ui</Filter>
    </ClInclude>
    <ClInclude Include="include\Ticker.hpp">
      <Filter>Header Files\ui</Filter>
    </ClInclude>
    <ClInclude Include="include\MakeUnique.hpp">
      <Filter>Header Files\system</Filter>
    </ClInclude>
  </ItemGroup>
  <ItemGroup>
    <ResourceCompile Include="Resource.rc">
      <Filter>Resource Files</Filter>
    </ResourceCompile>
  </ItemGroup>
  <ItemGroup>
    <Image Include="pseuthe_icon.ico">
      <Filter>Resource Files</Filter>
    </Image>
  </ItemGroup>
</Project>